
Microsoft Visual Studio Solution File, Format Version 12.00
Project("{FAE04EC0-301F-11D3-BF4B-00C04F79EFBC}") = "DropBear.Codex.TemporalHistory", "DropBear.Codex.TemporalHistory\DropBear.Codex.TemporalHistory.csproj", "{F328E6A5-184B-4083-BF17-1347D868F6CF}"
EndProject
Project("{FAE04EC0-301F-11D3-BF4B-00C04F79EFBC}") = "DropBear.Codex.TemporalHistory.ConsoleApp", "DropBear.Codex.TemporalHistory.ConsoleApp\DropBear.Codex.TemporalHistory.ConsoleApp.csproj", "{E83CC574-C429-4248-825C-D83330840C0D}"
EndProject
Global
	GlobalSection(SolutionConfigurationPlatforms) = preSolution
		Debug|Any CPU = Debug|Any CPU
		Release|Any CPU = Release|Any CPU
	EndGlobalSection
	GlobalSection(ProjectConfigurationPlatforms) = postSolution
		{F328E6A5-184B-4083-BF17-1347D868F6CF}.Debug|Any CPU.ActiveCfg = Debug|Any CPU
		{F328E6A5-184B-4083-BF17-1347D868F6CF}.Debug|Any CPU.Build.0 = Debug|Any CPU
		{F328E6A5-184B-4083-BF17-1347D868F6CF}.Release|Any CPU.ActiveCfg = Release|Any CPU
		{F328E6A5-184B-4083-BF17-1347D868F6CF}.Release|Any CPU.Build.0 = Release|Any CPU
		{E83CC574-C429-4248-825C-D83330840C0D}.Debug|Any CPU.ActiveCfg = Debug|Any CPU
		{E83CC574-C429-4248-825C-D83330840C0D}.Debug|Any CPU.Build.0 = Debug|Any CPU
		{E83CC574-C429-4248-825C-D83330840C0D}.Release|Any CPU.ActiveCfg = Release|Any CPU
		{E83CC574-C429-4248-825C-D83330840C0D}.Release|Any CPU.Build.0 = Release|Any CPU
	EndGlobalSection
EndGlobal
